<?xml version="1.0" encoding="utf-8"?>
<Project ToolsVersion="4.0" xmlns="http://schemas.microsoft.com/developer/msbuild/2003">
  <ItemGroup>
    <None Include="Assets\linux_nmake.xaml">
      <Filter>Assets</Filter>
    </None>
    <None Include="Assets\LinuxDebugger.xaml">
      <Filter>Assets</Filter>
    </None>
    <None Include="Assets\LocalDebugger.xaml">
      <Filter>Assets</Filter>
    </None>
    <None Include="Assets\OCDDebugger.xaml">
      <Filter>Assets</Filter>
    </None>
    <None Include="..\..\..\Application\TinyBooter\dotNetMF.proj">
      <Filter>Application\TinyBooter</Filter>
    </None>
    <None Include="..\..\..\Application\TinyBooter\TinyBooterDecompressorLib.proj">
      <Filter>Application\TinyBooter</Filter>
    </None>
    <None Include="..\..\..\Application\TinyBooter\TinyBooterLib.proj">
      <Filter>Application\TinyBooter</Filter>
    </None>
    <None Include="..\..\..\Application\dotNetMF.proj">
      <Filter>Application</Filter>
    </None>
    <None Include="..\..\..\DeviceCode\Targets\Native\STM32F7\STM32F7.settings">
      <Filter>DeviceCode\Targets\Native\STM32F7</Filter>
    </None>
    <None Include="..\..\..\DeviceCode\Targets\Native\STM32F7\DeviceCode\dotNetMF.proj">
      <Filter>DeviceCode\Targets\Native\STM32F7\DeviceCode</Filter>
    </None>
    <None Include="..\..\..\DeviceCode\Targets\Native\STM32F7\DeviceCode\STM32F7_USART\dotNetMF.proj">
      <Filter>DeviceCode\Targets\Native\STM32F7\DeviceCode\STM32F7_USART</Filter>
    </None>
    <None Include="..\..\..\DeviceCode\Targets\Native\STM32F7\DeviceCode\STM32F7_Flash\dotNetMF.proj">
      <Filter>DeviceCode\Targets\Native\STM32F7\DeviceCode\STM32F7_Flash</Filter>
    </None>
    <None Include="..\..\..\DeviceCode\Targets\Native\STM32F7\DeviceCode\STM32F7_GPIO\dotNetMF.proj">
      <Filter>DeviceCode\Targets\Native\STM32F7\DeviceCode\STM32F7_GPIO</Filter>
    </None>
    <None Include="..\..\..\DeviceCode\Targets\Native\STM32F7\DeviceCode\STM32F7_IntC\dotNetMF.proj">
      <Filter>DeviceCode\Targets\Native\STM32F7\DeviceCode\STM32F7_IntC</Filter>
    </None>
    <None Include="..\..\..\DeviceCode\Targets\Native\STM32F7\DeviceCode\STM32F7_ItmPort\dotNetMF.proj">
      <Filter>DeviceCode\Targets\Native\STM32F7\DeviceCode\STM32F7_ItmPort</Filter>
    </None>
    <None Include="..\..\..\DeviceCode\Targets\Native\STM32F7\DeviceCode\STM32F7_Power\dotNetMF.proj">
      <Filter>DeviceCode\Targets\Native\STM32F7\DeviceCode\STM32F7_Power</Filter>
    </None>
    <None Include="..\..\..\DeviceCode\Targets\Native\STM32F7\DeviceCode\STM32F7_Time\dotNetMF.proj">
      <Filter>DeviceCode\Targets\Native\STM32F7\DeviceCode\STM32F7_Time</Filter>
    </None>
    <None Include="..\..\..\DeviceCode\Targets\Native\STM32F7\DeviceCode\STM32F7_USB\dotNetMF.proj">
      <Filter>DeviceCode\Targets\Native\STM32F7\DeviceCode\STM32F7_USB</Filter>
    </None>
    <None Include="..\..\..\DeviceCode\Targets\Native\STM32F7\DeviceCode\STM32F746_Bootstrap\dotNetMF.proj">
      <Filter>DeviceCode\Targets\Native\STM32F7\DeviceCode\STM32F746_Bootstrap</Filter>
    </None>
    <None Include="..\..\..\DeviceCode\Targets\Native\STM32F7\DeviceCode\STM32F746_Bootstrap\GNU_S\DefaultHandlers.s">
      <Filter>DeviceCode\Targets\Native\STM32F7\DeviceCode\STM32F746_Bootstrap\GNU_S</Filter>
    </None>
    <None Include="..\..\..\DeviceCode\Targets\Native\STM32F7\DeviceCode\STM32F746_Bootstrap\GNU_S\VectorTable.s">
      <Filter>DeviceCode\Targets\Native\STM32F7\DeviceCode\STM32F746_Bootstrap\GNU_S</Filter>
    </None>
    <None Include="..\..\..\DeviceCode\Targets\Native\STM32F7\DeviceCode\STM32F746_Bootstrap\RVD_S\DefaultHandlers.s">
      <Filter>DeviceCode\Targets\Native\STM32F7\DeviceCode\STM32F746_Bootstrap\RVD_S</Filter>
    </None>
    <None Include="..\..\..\DeviceCode\Targets\Native\STM32F7\DeviceCode\STM32F746_Bootstrap\RVD_S\VectorTable.s">
      <Filter>DeviceCode\Targets\Native\STM32F7\DeviceCode\STM32F746_Bootstrap\RVD_S</Filter>
    </None>
    <None Include="..\DeviceCode\Blockstorage\dotNetMF.proj">
      <Filter>Solutions\STM32F746NUCLEO\DeviceCode\Blockstorage</Filter>
    </None>
    <None Include="..\DeviceCode\Blockstorage\addDevices\dotNetMF.proj">
      <Filter>Solutions\STM32F746NUCLEO\DeviceCode\Blockstorage\AddDevices</Filter>
    </None>
    <None Include="..\DeviceCode\Blockstorage\STM32F7\dotNetMF.proj">
      <Filter>Solutions\STM32F746NUCLEO\DeviceCode\Blockstorage\STM32F7</Filter>
    </None>
    <None Include="..\DeviceCode\Init\dotNetMF.proj">
      <Filter>Solutions\STM32F746NUCLEO\DeviceCode\Init</Filter>
    </None>
    <None Include="..\DeviceCode\Initialization\dotNetMF.proj">
      <Filter>Solutions\STM32F746NUCLEO\DeviceCode\Initialization</Filter>
    </None>
    <None Include="..\DeviceCode\Initialization\dotNetMF_loader.proj">
      <Filter>Solutions\STM32F746NUCLEO\DeviceCode\Initialization</Filter>
    </None>
    <None Include="..\DeviceCode\USB\dotNetMF.proj">
      <Filter>Solutions\STM32F746NUCLEO\DeviceCode\USB</Filter>
    </None>
    <None Include="..\ManagedCode\dotnetmf.proj">
      <Filter>Solutions\STM32F746NUCLEO\ManagedCode</Filter>
    </None>
    <None Include="..\ManagedCode\Hardware\CPU.cs">
      <Filter>Solutions\STM32F746NUCLEO\ManagedCode\Hardware</Filter>
    </None>
    <None Include="..\ManagedCode\Hardware\STM32F746NUCLEO_hardware.csproj">
      <Filter>Solutions\STM32F746NUCLEO\ManagedCode\Hardware</Filter>
    </None>
    <None Include="..\dotnetmf.proj">
      <Filter>Solutions\STM32F746NUCLEO</Filter>
    </None>
    <None Include="..\ReadMe.md">
      <Filter>Solutions\STM32F746NUCLEO</Filter>
    </None>
    <None Include="..\STM32F746NUCLEO.ioc">
      <Filter>Solutions\STM32F746NUCLEO</Filter>
    </None>
    <None Include="..\STM32F746NUCLEO.settings">
      <Filter>Solutions\STM32F746NUCLEO</Filter>
    </None>
    <None Include="..\..\..\tools\Targets\Microsoft.Spot.system.gcc.settings">
      <Filter>Tools\Targets</Filter>
    </None>
    <None Include="..\..\..\tools\Targets\Microsoft.Spot.system.gcc.targets">
      <Filter>Tools\Targets</Filter>
    </None>
    <None Include="..\..\..\tools\Targets\Microsoft.Spot.system.mdk.settings">
      <Filter>Tools\Targets</Filter>
    </None>
    <None Include="..\..\..\tools\Targets\Microsoft.Spot.system.mdk.targets">
      <Filter>Tools\Targets</Filter>
    </None>
    <None Include="..\..\..\Support\CreateMfPkVersionProj.proj">
      <Filter>Support</Filter>
    </None>
    <None Include="..\..\..\Support\CreateReleaseInfo.proj">
      <Filter>Support</Filter>
    </None>
    <None Include="..\..\..\Support\dotNetMF.proj">
      <Filter>Support</Filter>
    </None>
    <None Include="..\..\..\Support\GenerateFrameworkList.proj">
      <Filter>Support</Filter>
    </None>
    <None Include="..\..\..\Support\crc\crc.vcproj">
      <Filter>Support\CRC</Filter>
    </None>
    <None Include="..\..\..\Support\crc\dotNetMF.proj">
      <Filter>Support\CRC</Filter>
    </None>
    <None Include="..\..\..\Support\frameworkbase\dotNetMF.proj">
      <Filter>Support\FrameworkBase</Filter>
    </None>
    <None Include="..\..\..\Support\frameworkbase\dotNetMF.proj.port">
      <Filter>Support\FrameworkBase</Filter>
    </None>
    <None Include="..\..\..\Support\Include\dotNetMF.proj">
      <Filter>Support\Include</Filter>
    </None>
    <None Include="..\..\..\Support\Include\Support_Include.vcproj">
      <Filter>Support\Include</Filter>
    </None>
    <None Include="..\..\..\Support\WireProtocol\dotNetMF.proj">
      <Filter>Support\WireProtocol</Filter>
    </None>
    <None Include="..\..\..\Support\WireProtocol\WireProtocol.vcproj">
      <Filter>Support\WireProtocol</Filter>
    </None>
  </ItemGroup>
  <ItemGroup>
    <Filter Include="Assets">
      <UniqueIdentifier>{08a26e93-524c-4982-a01c-c8d4f223d6be}</UniqueIdentifier>
    </Filter>
    <Filter Include="Solutions">
      <UniqueIdentifier>{86c5864a-7c8a-4c49-877c-c6dd7ac3022b}</UniqueIdentifier>
    </Filter>
    <Filter Include="Solutions\STM32F746NUCLEO">
      <UniqueIdentifier>{18322aff-3e06-4c74-b7c7-849f125cb019}</UniqueIdentifier>
    </Filter>
    <Filter Include="Solutions\STM32F746NUCLEO\DeviceCode">
      <UniqueIdentifier>{faf462e9-0e0c-47cc-b869-3eefaa47e3d6}</UniqueIdentifier>
    </Filter>
    <Filter Include="Solutions\STM32F746NUCLEO\ManagedCode">
      <UniqueIdentifier>{aa28dc87-1f32-4d30-a32d-bd9d3c80e6a9}</UniqueIdentifier>
    </Filter>
    <Filter Include="Solutions\STM32F746NUCLEO\TinyBooter">
      <UniqueIdentifier>{93319ca5-98be-4ce5-b93e-ce8e5293456c}</UniqueIdentifier>
    </Filter>
    <Filter Include="Solutions\STM32F746NUCLEO\TinyCLR">
      <UniqueIdentifier>{46036410-9760-4b88-b8a6-55d5d8c35b83}</UniqueIdentifier>
    </Filter>
    <Filter Include="DeviceCode">
      <UniqueIdentifier>{5f3a7bb9-d929-42ec-854f-70f074e594ed}</UniqueIdentifier>
    </Filter>
    <Filter Include="DeviceCode\Targets">
      <UniqueIdentifier>{f8809ffe-c261-4142-8c35-db0a6e36629e}</UniqueIdentifier>
    </Filter>
    <Filter Include="DeviceCode\Targets\Native">
      <UniqueIdentifier>{7fa48eca-b7c4-4176-ae9b-4d67784a6a00}</UniqueIdentifier>
    </Filter>
    <Filter Include="DeviceCode\Targets\Native\STM32F7">
      <UniqueIdentifier>{3581bce3-f22d-4f1c-b586-e8f96635b01f}</UniqueIdentifier>
    </Filter>
    <Filter Include="DeviceCode\Targets\Native\STM32F7\DeviceCode">
      <UniqueIdentifier>{ef38cff0-febd-4b43-81ae-bc0fdf603420}</UniqueIdentifier>
    </Filter>
    <Filter Include="DeviceCode\Targets\Native\STM32F7\DeviceCode\STM32F7_USART">
      <UniqueIdentifier>{2618bc53-a3b4-4483-b402-1b2e91af9f85}</UniqueIdentifier>
    </Filter>
    <Filter Include="DeviceCode\Include">
      <UniqueIdentifier>{4f9596c8-51ad-47a2-8c37-2d12a9e3bd2a}</UniqueIdentifier>
    </Filter>
    <Filter Include="CMSIS">
      <UniqueIdentifier>{e793ae84-49cf-43bb-9327-b386ea11ff66}</UniqueIdentifier>
    </Filter>
    <Filter Include="Application">
      <UniqueIdentifier>{4b270b0f-4e31-4f6d-9b1d-1252d27f00b8}</UniqueIdentifier>
    </Filter>
    <Filter Include="Application\TinyBooter">
      <UniqueIdentifier>{7a3fc137-b0f7-400f-97ce-306fcbc2e162}</UniqueIdentifier>
    </Filter>
    <Filter Include="DeviceCode\Targets\Native\STM32F7\DeviceCode\STM32F7_Flash">
      <UniqueIdentifier>{89d3772e-fc87-4fd0-8330-09ff754eb005}</UniqueIdentifier>
    </Filter>
    <Filter Include="DeviceCode\Targets\Native\STM32F7\DeviceCode\STM32F7_GPIO">
      <UniqueIdentifier>{e4e134d6-92bd-41de-950b-895dcbbccd5c}</UniqueIdentifier>
    </Filter>
    <Filter Include="DeviceCode\Targets\Native\STM32F7\DeviceCode\STM32F7_IntC">
      <UniqueIdentifier>{a7dbd539-e4db-4d6b-98be-0ebb45b5e751}</UniqueIdentifier>
    </Filter>
    <Filter Include="DeviceCode\Targets\Native\STM32F7\DeviceCode\STM32F7_ItmPort">
      <UniqueIdentifier>{98166326-dd6f-4d39-aa0e-7e31488bdb2f}</UniqueIdentifier>
    </Filter>
    <Filter Include="DeviceCode\Targets\Native\STM32F7\DeviceCode\STM32F7_Power">
      <UniqueIdentifier>{4110c028-59e5-4090-86c2-ae0fe91ee7b6}</UniqueIdentifier>
    </Filter>
    <Filter Include="DeviceCode\Targets\Native\STM32F7\DeviceCode\STM32F7_Time">
      <UniqueIdentifier>{7a5d40eb-0338-4bff-88b8-201514e1de14}</UniqueIdentifier>
    </Filter>
    <Filter Include="DeviceCode\Targets\Native\STM32F7\DeviceCode\STM32F7_USB">
      <UniqueIdentifier>{0cb28cb0-048b-4468-a09d-881ff323fe8a}</UniqueIdentifier>
    </Filter>
    <Filter Include="DeviceCode\Targets\Native\STM32F7\DeviceCode\STM32F746_Bootstrap">
      <UniqueIdentifier>{74eea670-0603-4d82-b7ce-4311f78c2bfa}</UniqueIdentifier>
    </Filter>
    <Filter Include="DeviceCode\Targets\Native\STM32F7\DeviceCode\STM32F746_Bootstrap\GNU_S">
      <UniqueIdentifier>{12dfa433-75e3-438e-a67e-cd4be040251f}</UniqueIdentifier>
    </Filter>
    <Filter Include="DeviceCode\Targets\Native\STM32F7\DeviceCode\STM32F746_Bootstrap\RVD_S">
      <UniqueIdentifier>{92105228-b84c-4d89-8a86-a74e3db65e72}</UniqueIdentifier>
    </Filter>
    <Filter Include="Solutions\STM32F746NUCLEO\DeviceCode\Blockstorage">
      <UniqueIdentifier>{e7712ccb-b732-4e01-9ce6-2f7794c2d8d7}</UniqueIdentifier>
    </Filter>
    <Filter Include="Solutions\STM32F746NUCLEO\DeviceCode\Init">
      <UniqueIdentifier>{8974b656-7cea-4c5e-9456-25fe259f3cc5}</UniqueIdentifier>
    </Filter>
    <Filter Include="Solutions\STM32F746NUCLEO\DeviceCode\Initialization">
      <UniqueIdentifier>{8a7e9a8e-67b0-4822-8a54-adf07192c0ed}</UniqueIdentifier>
    </Filter>
    <Filter Include="Solutions\STM32F746NUCLEO\DeviceCode\USB">
      <UniqueIdentifier>{78b24bf9-e0e0-47cd-9281-5ca6978127f9}</UniqueIdentifier>
    </Filter>
    <Filter Include="Solutions\STM32F746NUCLEO\DeviceCode\Blockstorage\AddDevices">
      <UniqueIdentifier>{391fb54a-c439-495a-81af-866f6aca9c63}</UniqueIdentifier>
    </Filter>
    <Filter Include="Solutions\STM32F746NUCLEO\DeviceCode\Blockstorage\STM32F7">
      <UniqueIdentifier>{d2444ae4-90dc-4c8d-89cf-d663798d6ae8}</UniqueIdentifier>
    </Filter>
    <Filter Include="Solutions\STM32F746NUCLEO\ManagedCode\Hardware">
      <UniqueIdentifier>{efa53b2e-7f52-4ba1-a551-5861d64583a7}</UniqueIdentifier>
    </Filter>
    <Filter Include="Tools">
      <UniqueIdentifier>{0d5ffa1d-2389-4991-9bfb-8215706a11c3}</UniqueIdentifier>
    </Filter>
    <Filter Include="Tools\Targets">
      <UniqueIdentifier>{ccb083ca-0dad-40a1-a0d6-992cac2a30e6}</UniqueIdentifier>
    </Filter>
    <Filter Include="Support">
      <UniqueIdentifier>{ba5b9ebc-e31f-42c2-ba52-2b25c031c9d2}</UniqueIdentifier>
    </Filter>
    <Filter Include="Support\CRC">
      <UniqueIdentifier>{1cb55a85-b49a-48e4-8f9a-d8feaf9715fb}</UniqueIdentifier>
    </Filter>
    <Filter Include="Support\FrameworkBase">
      <UniqueIdentifier>{eaf23fde-e7ca-4ef6-9155-59b7f03cbda9}</UniqueIdentifier>
    </Filter>
    <Filter Include="Support\Include">
      <UniqueIdentifier>{ba00316b-c797-4198-9ca2-9eb756f1b9ae}</UniqueIdentifier>
    </Filter>
    <Filter Include="Support\WireProtocol">
      <UniqueIdentifier>{3ec156d3-e9b8-48fd-bcc9-e4f1ab57a4b8}</UniqueIdentifier>
    </Filter>
  </ItemGroup>
  <ItemGroup>
    <ClCompile Include="..\..\..\DeviceCode\Targets\Native\STM32F7\DeviceCode\STM32F7_USART\STM32F7_usart_functions.cpp">
      <Filter>DeviceCode\Targets\Native\STM32F7\DeviceCode\STM32F7_USART</Filter>
    </ClCompile>
    <ClCompile Include="..\TinyBooter\allocator.cpp">
      <Filter>Solutions\STM32F746NUCLEO\TinyBooter</Filter>
    </ClCompile>
    <ClCompile Include="..\TinyBooter\TinyBooterEntry.cpp">
      <Filter>Solutions\STM32F746NUCLEO\TinyBooter</Filter>
    </ClCompile>
    <ClCompile Include="..\TinyCLR\allocator.cpp">
      <Filter>Solutions\STM32F746NUCLEO\TinyCLR</Filter>
    </ClCompile>
    <ClCompile Include="..\TinyCLR\tinyclr.cpp">
      <Filter>Solutions\STM32F746NUCLEO\TinyCLR</Filter>
    </ClCompile>
    <ClCompile Include="..\..\..\Application\TinyBooter\Commands.cpp">
      <Filter>Application\TinyBooter</Filter>
    </ClCompile>
    <ClCompile Include="..\..\..\Application\TinyBooter\ConfigurationManager.cpp">
      <Filter>Application\TinyBooter</Filter>
    </ClCompile>
    <ClCompile Include="..\..\..\Application\TinyBooter\CryptoInterface.cpp">
      <Filter>Application\TinyBooter</Filter>
    </ClCompile>
    <ClCompile Include="..\..\..\Application\TinyBooter\TinyBooter.cpp">
      <Filter>Application\TinyBooter</Filter>
    </ClCompile>
    <ClCompile Include="..\..\..\Application\TinyBooter\TinyBooterDecompressor.cpp">
      <Filter>Application\TinyBooter</Filter>
    </ClCompile>
    <ClCompile Include="..\..\..\DeviceCode\Targets\Native\STM32F7\DeviceCode\STM32F7_Flash\STM32F7_Flash_driver.cpp">
      <Filter>DeviceCode\Targets\Native\STM32F7\DeviceCode\STM32F7_Flash</Filter>
    </ClCompile>
    <ClCompile Include="..\..\..\DeviceCode\Targets\Native\STM32F7\DeviceCode\STM32F7_GPIO\STM32F7_GPIO_functions.cpp">
      <Filter>DeviceCode\Targets\Native\STM32F7\DeviceCode\STM32F7_GPIO</Filter>
    </ClCompile>
    <ClCompile Include="..\..\..\DeviceCode\Targets\Native\STM32F7\DeviceCode\STM32F7_IntC\STM32F7_intc_functions.cpp">
      <Filter>DeviceCode\Targets\Native\STM32F7\DeviceCode\STM32F7_IntC</Filter>
    </ClCompile>
    <ClCompile Include="..\..\..\DeviceCode\Targets\Native\STM32F7\DeviceCode\STM32F7_ItmPort\ItmPort.cpp">
      <Filter>DeviceCode\Targets\Native\STM32F7\DeviceCode\STM32F7_ItmPort</Filter>
    </ClCompile>
    <ClCompile Include="..\..\..\DeviceCode\Targets\Native\STM32F7\DeviceCode\STM32F7_Power\STM32F7_Power_functions.cpp">
      <Filter>DeviceCode\Targets\Native\STM32F7\DeviceCode\STM32F7_Power</Filter>
    </ClCompile>
    <ClCompile Include="..\..\..\DeviceCode\Targets\Native\STM32F7\DeviceCode\STM32F7_Time\STM32F7_time_functions.cpp">
      <Filter>DeviceCode\Targets\Native\STM32F7\DeviceCode\STM32F7_Time</Filter>
    </ClCompile>
    <ClCompile Include="..\..\..\DeviceCode\Targets\Native\STM32F7\DeviceCode\STM32F7_USB\STM32F7_usb_functions.cpp">
      <Filter>DeviceCode\Targets\Native\STM32F7\DeviceCode\STM32F7_USB</Filter>
    </ClCompile>
    <ClCompile Include="..\..\..\DeviceCode\Targets\Native\STM32F7\DeviceCode\STM32F746_Bootstrap\STM32F7_bootstrap.cpp">
      <Filter>DeviceCode\Targets\Native\STM32F7\DeviceCode\STM32F746_Bootstrap</Filter>
    </ClCompile>
    <ClCompile Include="..\DeviceCode\Blockstorage\addDevices\Bl_addDevices.cpp">
      <Filter>Solutions\STM32F746NUCLEO\DeviceCode\Blockstorage\AddDevices</Filter>
    </ClCompile>
    <ClCompile Include="..\DeviceCode\Blockstorage\STM32F7\STM32F7_BlConfig.cpp">
      <Filter>Solutions\STM32F746NUCLEO\DeviceCode\Blockstorage\STM32F7</Filter>
    </ClCompile>
    <ClCompile Include="..\DeviceCode\Init\IO_Init.cpp">
      <Filter>Solutions\STM32F746NUCLEO\DeviceCode\Init</Filter>
    </ClCompile>
    <ClCompile Include="..\DeviceCode\Initialization\OEM_Model_SKU_NetworkID.cpp">
      <Filter>Solutions\STM32F746NUCLEO\DeviceCode\Initialization</Filter>
    </ClCompile>
    <ClCompile Include="..\DeviceCode\Initialization\SystemState.cpp">
      <Filter>Solutions\STM32F746NUCLEO\DeviceCode\Initialization</Filter>
    </ClCompile>
    <ClCompile Include="..\DeviceCode\Initialization\tinyhal.cpp">
      <Filter>Solutions\STM32F746NUCLEO\DeviceCode\Initialization</Filter>
    </ClCompile>
    <ClCompile Include="..\DeviceCode\USB\usb_config.cpp">
      <Filter>Solutions\STM32F746NUCLEO\DeviceCode\USB</Filter>
    </ClCompile>
    <ClCompile Include="..\..\..\Support\crc\CRC.cpp">
      <Filter>Support\CRC</Filter>
    </ClCompile>
    <ClCompile Include="..\..\..\Support\crc\stdafx.cpp">
      <Filter>Support\CRC</Filter>
    </ClCompile>
    <ClCompile Include="..\..\..\Support\WireProtocol\Compression.cpp">
      <Filter>Support\WireProtocol</Filter>
    </ClCompile>
    <ClCompile Include="..\..\..\Support\WireProtocol\stdafx.cpp">
      <Filter>Support\WireProtocol</Filter>
    </ClCompile>
    <ClCompile Include="..\..\..\Support\WireProtocol\WireProtocol.cpp">
      <Filter>Support\WireProtocol</Filter>
    </ClCompile>
  </ItemGroup>
  <ItemGroup>
    <ClInclude Include="..\..\..\DeviceCode\Targets\Native\STM32F7\processor_selector.h">
      <Filter>DeviceCode\Targets\Native\STM32F7</Filter>
    </ClInclude>
    <ClInclude Include="..\..\..\DeviceCode\Targets\Native\STM32F7\DeviceCode\stm32f7xx.h">
      <Filter>DeviceCode\Targets\Native\STM32F7\DeviceCode</Filter>
    </ClInclude>
    <ClInclude Include="..\..\..\DeviceCode\Targets\Native\STM32F7\DeviceCode\stm32f746xx.h">
      <Filter>DeviceCode\Targets\Native\STM32F7\DeviceCode</Filter>
    </ClInclude>
    <ClInclude Include="..\..\..\DeviceCode\Targets\Native\STM32F7\DeviceCode\system_stm32f7xx.h">
      <Filter>DeviceCode\Targets\Native\STM32F7\DeviceCode</Filter>
    </ClInclude>
    <ClInclude Include="..\platform_selector.h">
      <Filter>Solutions\STM32F746NUCLEO</Filter>
    </ClInclude>
    <ClInclude Include="..\..\..\DeviceCode\include\Analog_decl.h">
      <Filter>DeviceCode\Include</Filter>
    </ClInclude>
    <ClInclude Include="..\..\..\DeviceCode\include\AnalogOut_decl.h">
      <Filter>DeviceCode\Include</Filter>
    </ClInclude>
    <ClInclude Include="..\..\..\DeviceCode\include\AsyncProcCalls_decl.h">
      <Filter>DeviceCode\Include</Filter>
    </ClInclude>
    <ClInclude Include="..\..\..\DeviceCode\include\Backlight_decl.h">
      <Filter>DeviceCode\Include</Filter>
    </ClInclude>
    <ClInclude Include="..\..\..\DeviceCode\include\BatteryCharger_decl.h">
      <Filter>DeviceCode\Include</Filter>
    </ClInclude>
    <ClInclude Include="..\..\..\DeviceCode\include\BatteryMeasurement_decl.h">
      <Filter>DeviceCode\Include</Filter>
    </ClInclude>
    <ClInclude Include="..\..\..\DeviceCode\include\BlockStorage_decl.h">
      <Filter>DeviceCode\Include</Filter>
    </ClInclude>
    <ClInclude Include="..\..\..\DeviceCode\include\COM_decl.h">
      <Filter>DeviceCode\Include</Filter>
    </ClInclude>
    <ClInclude Include="..\..\..\DeviceCode\include\CPU_BOOT_decl.h">
      <Filter>DeviceCode\Include</Filter>
    </ClInclude>
    <ClInclude Include="..\..\..\DeviceCode\include\CPU_CACHE_decl.h">
      <Filter>DeviceCode\Include</Filter>
    </ClInclude>
    <ClInclude Include="..\..\..\DeviceCode\include\CPU_CMU_decl.h">
      <Filter>DeviceCode\Include</Filter>
    </ClInclude>
    <ClInclude Include="..\..\..\DeviceCode\include\CPU_DMA_decl.h">
      <Filter>DeviceCode\Include</Filter>
    </ClInclude>
    <ClInclude Include="..\..\..\DeviceCode\include\CPU_EBIU_decl.h">
      <Filter>DeviceCode\Include</Filter>
    </ClInclude>
    <ClInclude Include="..\..\..\DeviceCode\include\CPU_GPIO_decl.h">
      <Filter>DeviceCode\Include</Filter>
    </ClInclude>
    <ClInclude Include="..\..\..\DeviceCode\include\CPU_INTC_decl.h">
      <Filter>DeviceCode\Include</Filter>
    </ClInclude>
    <ClInclude Include="..\..\..\DeviceCode\include\CPU_MMU_decl.h">
      <Filter>DeviceCode\Include</Filter>
    </ClInclude>
    <ClInclude Include="..\..\..\DeviceCode\include\CPU_PCU_decl.h">
      <Filter>DeviceCode\Include</Filter>
    </ClInclude>
    <ClInclude Include="..\..\..\DeviceCode\include\CPU_SPI_decl.h">
      <Filter>DeviceCode\Include</Filter>
    </ClInclude>
    <ClInclude Include="..\..\..\DeviceCode\include\CPU_WATCHDOG_decl.h">
      <Filter>DeviceCode\Include</Filter>
    </ClInclude>
    <ClInclude Include="..\..\..\DeviceCode\include\Display_decl.h">
      <Filter>DeviceCode\Include</Filter>
    </ClInclude>
    <ClInclude Include="..\..\..\DeviceCode\include\Double_decl.h">
      <Filter>DeviceCode\Include</Filter>
    </ClInclude>
    <ClInclude Include="..\..\..\DeviceCode\include\drivers.h">
      <Filter>DeviceCode\Include</Filter>
    </ClInclude>
    <ClInclude Include="..\..\..\DeviceCode\include\events_decl.h">
      <Filter>DeviceCode\Include</Filter>
    </ClInclude>
    <ClInclude Include="..\..\..\DeviceCode\include\FS_decl.h">
      <Filter>DeviceCode\Include</Filter>
    </ClInclude>
    <ClInclude Include="..\..\..\DeviceCode\include\Gesture_decl.h">
      <Filter>DeviceCode\Include</Filter>
    </ClInclude>
    <ClInclude Include="..\..\..\DeviceCode\include\GPIO_button_decl.h">
      <Filter>DeviceCode\Include</Filter>
    </ClInclude>
    <ClInclude Include="..\..\..\DeviceCode\include\graphics_decl.h">
      <Filter>DeviceCode\Include</Filter>
    </ClInclude>
    <ClInclude Include="..\..\..\DeviceCode\include\Heap_decl.h">
      <Filter>DeviceCode\Include</Filter>
    </ClInclude>
    <ClInclude Include="..\..\..\DeviceCode\include\I2C_decl.h">
      <Filter>DeviceCode\Include</Filter>
    </ClInclude>
    <ClInclude Include="..\..\..\DeviceCode\include\Ink_decl.h">
      <Filter>DeviceCode\Include</Filter>
    </ClInclude>
    <ClInclude Include="..\..\..\DeviceCode\include\instrumentation_decl.h">
      <Filter>DeviceCode\Include</Filter>
    </ClInclude>
    <ClInclude Include="..\..\..\DeviceCode\include\io_decl.h">
      <Filter>DeviceCode\Include</Filter>
    </ClInclude>
    <ClInclude Include="..\..\..\DeviceCode\include\LargeBuffer_decl.h">
      <Filter>DeviceCode\Include</Filter>
    </ClInclude>
    <ClInclude Include="..\..\..\DeviceCode\include\MFUpdate_decl.h">
      <Filter>DeviceCode\Include</Filter>
    </ClInclude>
    <ClInclude Include="..\..\..\DeviceCode\include\MicroBooter_decl.h">
      <Filter>DeviceCode\Include</Filter>
    </ClInclude>
    <ClInclude Include="..\..\..\DeviceCode\include\netmf_errors.h">
      <Filter>DeviceCode\Include</Filter>
    </ClInclude>
    <ClInclude Include="..\..\..\DeviceCode\include\Network_decl.h">
      <Filter>DeviceCode\Include</Filter>
    </ClInclude>
    <ClInclude Include="..\..\..\DeviceCode\include\OSIrqLock.h">
      <Filter>DeviceCode\Include</Filter>
    </ClInclude>
    <ClInclude Include="..\..\..\DeviceCode\include\palevent_decl.h">
      <Filter>DeviceCode\Include</Filter>
    </ClInclude>
    <ClInclude Include="..\..\..\DeviceCode\include\PerformanceCounters_decl.h">
      <Filter>DeviceCode\Include</Filter>
    </ClInclude>
    <ClInclude Include="..\..\..\DeviceCode\include\Piezo_decl.h">
      <Filter>DeviceCode\Include</Filter>
    </ClInclude>
    <ClInclude Include="..\..\..\DeviceCode\include\power_decl.h">
      <Filter>DeviceCode\Include</Filter>
    </ClInclude>
    <ClInclude Include="..\..\..\DeviceCode\include\PWM_decl.h">
      <Filter>DeviceCode\Include</Filter>
    </ClInclude>
    <ClInclude Include="..\..\..\DeviceCode\include\SD_decl.h">
      <Filter>DeviceCode\Include</Filter>
    </ClInclude>
    <ClInclude Include="..\..\..\DeviceCode\include\Security_decl.h">
      <Filter>DeviceCode\Include</Filter>
    </ClInclude>
    <ClInclude Include="..\..\..\DeviceCode\include\SmartPtr_irq.h">
      <Filter>DeviceCode\Include</Filter>
    </ClInclude>
    <ClInclude Include="..\..\..\DeviceCode\include\Sockets_decl.h">
      <Filter>DeviceCode\Include</Filter>
    </ClInclude>
    <ClInclude Include="..\..\..\DeviceCode\include\StateDebounce_decl.h">
      <Filter>DeviceCode\Include</Filter>
    </ClInclude>
    <ClInclude Include="..\..\..\DeviceCode\include\tests.h">
      <Filter>DeviceCode\Include</Filter>
    </ClInclude>
    <ClInclude Include="..\..\..\DeviceCode\include\Time_decl.h">
      <Filter>DeviceCode\Include</Filter>
    </ClInclude>
    <ClInclude Include="..\..\..\DeviceCode\include\TimeService_decl.h">
      <Filter>DeviceCode\Include</Filter>
    </ClInclude>
    <ClInclude Include="..\..\..\DeviceCode\include\TinyBooterEntry.h">
      <Filter>DeviceCode\Include</Filter>
    </ClInclude>
    <ClInclude Include="..\..\..\DeviceCode\include\TinyCLR_Endian.h">
      <Filter>DeviceCode\Include</Filter>
    </ClInclude>
    <ClInclude Include="..\..\..\DeviceCode\include\tinycrt_decl.h">
      <Filter>DeviceCode\Include</Filter>
    </ClInclude>
    <ClInclude Include="..\..\..\DeviceCode\include\tinyhal.h">
      <Filter>DeviceCode\Include</Filter>
    </ClInclude>
    <ClInclude Include="..\..\..\DeviceCode\include\tinyhal_releaseinfo.h">
      <Filter>DeviceCode\Include</Filter>
    </ClInclude>
    <ClInclude Include="..\..\..\DeviceCode\include\tinyhal_types.h">
      <Filter>DeviceCode\Include</Filter>
    </ClInclude>
    <ClInclude Include="..\..\..\DeviceCode\include\tinypal.h">
      <Filter>DeviceCode\Include</Filter>
    </ClInclude>
    <ClInclude Include="..\..\..\DeviceCode\include\TouchPanel_decl.h">
      <Filter>DeviceCode\Include</Filter>
    </ClInclude>
    <ClInclude Include="..\..\..\DeviceCode\include\USART_decl.h">
      <Filter>DeviceCode\Include</Filter>
    </ClInclude>
    <ClInclude Include="..\..\..\DeviceCode\include\USB_decl.h">
      <Filter>DeviceCode\Include</Filter>
    </ClInclude>
    <ClInclude Include="..\..\..\DeviceCode\include\VirtualKey_decl.h">
      <Filter>DeviceCode\Include</Filter>
    </ClInclude>
    <ClInclude Include="..\..\..\Application\TinyBooter\Commands.h">
      <Filter>Application\TinyBooter</Filter>
    </ClInclude>
    <ClInclude Include="..\..\..\Application\TinyBooter\ConfigurationManager.h">
      <Filter>Application\TinyBooter</Filter>
    </ClInclude>
    <ClInclude Include="..\..\..\Application\TinyBooter\CryptoInterface.h">
      <Filter>Application\TinyBooter</Filter>
    </ClInclude>
    <ClInclude Include="..\..\..\Application\TinyBooter\Keys.h">
      <Filter>Application\TinyBooter</Filter>
    </ClInclude>
    <ClInclude Include="..\..\..\Application\TinyBooter\TinyBooter.h">
      <Filter>Application\TinyBooter</Filter>
    </ClInclude>
    <ClInclude Include="..\..\..\DeviceCode\Targets\Native\STM32F7\DeviceCode\STM32F7_Flash\STM32F7_Flash.h">
      <Filter>DeviceCode\Targets\Native\STM32F7\DeviceCode\STM32F7_Flash</Filter>
    </ClInclude>
    <ClInclude Include="..\..\..\DeviceCode\Targets\Native\STM32F7\DeviceCode\STM32F7_Power\STM32F7_Power_functions.h">
      <Filter>DeviceCode\Targets\Native\STM32F7\DeviceCode\STM32F7_Power</Filter>
    </ClInclude>
    <ClInclude Include="..\..\..\DeviceCode\Targets\Native\STM32F7\DeviceCode\STM32F7_USB\usb_def.h">
      <Filter>DeviceCode\Targets\Native\STM32F7\DeviceCode\STM32F7_USB</Filter>
    </ClInclude>
    <ClInclude Include="..\DeviceCode\Initialization\MasterConfig.h">
      <Filter>Solutions\STM32F746NUCLEO\DeviceCode\Initialization</Filter>
    </ClInclude>
    <ClInclude Include="..\..\..\Support\crc\stdafx.h">
      <Filter>Support\CRC</Filter>
    </ClInclude>
    <ClInclude Include="..\..\..\Support\Include\TinySupport.h">
      <Filter>Support\Include</Filter>
    </ClInclude>
    <ClInclude Include="..\..\..\Support\Include\WireProtocol.h">
      <Filter>Support\Include</Filter>
    </ClInclude>
    <ClInclude Include="..\..\..\Support\WireProtocol\stdafx.h">
      <Filter>Support\WireProtocol</Filter>
    </ClInclude>
  </ItemGroup>
  <ItemGroup>
    <Xml Include="..\scatterfile_gcc_missing_symbols.xml">
      <Filter>Solutions\STM32F746NUCLEO</Filter>
    </Xml>
    <Xml Include="..\TinyBooter\scatterfile_bootloader_gcc.xml">
      <Filter>Solutions\STM32F746NUCLEO\TinyBooter</Filter>
    </Xml>
    <Xml Include="..\TinyBooter\scatterfile_bootloader_mdk.xml">
      <Filter>Solutions\STM32F746NUCLEO\TinyBooter</Filter>
    </Xml>
    <Xml Include="..\TinyCLR\scatterfile_tinyclr_gcc.xml">
      <Filter>Solutions\STM32F746NUCLEO\TinyCLR</Filter>
    </Xml>
    <Xml Include="..\TinyCLR\scatterfile_tinyclr_mdk.xml">
      <Filter>Solutions\STM32F746NUCLEO\TinyCLR</Filter>
    </Xml>
  </ItemGroup>
</Project>